Microsoft Visual Studio Solution File, Format Version 12.00
# Visual Studio Version 17
VisualStudioVersion = 17.5.2.0
MinimumVisualStudioVersion = 10.0.40219.1
Project("{2150E333-8FDC-42A3-9474-1A3956D46DE8}") = "MicroTiendaSystem", "MicroTiendaSystem", "{1FF8A6A3-5E06-A57F-8B5D-5407999DDC60}"
EndProject
Project("{FAE04EC0-301F-11D3-BF4B-00C04F79EFBC}") = "MicroTienda.API", "MicroTiendaSystem\MicroTienda.API\MicroTienda.API.csproj", "{9920EBFF-853A-704D-F558-B23415E4586D}"
EndProject
Global
	GlobalSection(SolutionConfigurationPlatforms) = preSolution
		Debug|Any CPU = Debug|Any CPU
		Release|Any CPU = Release|Any CPU
	EndGlobalSection
	GlobalSection(ProjectConfigurationPlatforms) = postSolution
		{9920EBFF-853A-704D-F558-B23415E4586D}.Debug|Any CPU.ActiveCfg = Debug|Any CPU
		{9920EBFF-853A-704D-F558-B23415E4586D}.Debug|Any CPU.Build.0 = Debug|Any CPU
		{9920EBFF-853A-704D-F558-B23415E4586D}.Release|Any CPU.ActiveCfg = Release|Any CPU
		{9920EBFF-853A-704D-F558-B23415E4586D}.Release|Any CPU.Build.0 = Release|Any CPU
	EndGlobalSection
	GlobalSection(SolutionProperties) = preSolution
		HideSolutionNode = FALSE
	EndGlobalSection
	GlobalSection(NestedProjects) = preSolution
		{9920EBFF-853A-704D-F558-B23415E4586D} = {1FF8A6A3-5E06-A57F-8B5D-5407999DDC60}
	EndGlobalSection
	GlobalSection(ExtensibilityGlobals) = postSolution
		SolutionGuid = {384007AC-F144-45DD-A99E-832368535C1A}
	EndGlobalSection
EndGlobal
